
Microsoft Visual Studio Solution File, Format Version 12.00
# Visual Studio 2012
Project("{2150E333-8FDC-42A3-9474-1A3956D46DE8}") = "Tests", "Tests", "{E742C348-7136-4E2A-A573-11A80F09D02C}"
EndProject
Project("{FAE04EC0-301F-11D3-BF4B-00C04F79EFBC}") = "BinaryEndiannessExtensions.Tests", "BinaryEndiannessExtensions.Tests\BinaryEndiannessExtensions.Tests.csproj", "{80F018C9-6452-48AC-A92B-8E3F06244DE6}"
EndProject
Project("{FAE04EC0-301F-11D3-BF4B-00C04F79EFBC}") = "BinaryEndiannessExtensions", "BinaryEndiannessExtensions\BinaryEndiannessExtensions.csproj", "{5CF1A2C3-1884-4779-ABD0-A8F02DAD09D4}"
EndProject
Global
	GlobalSection(SolutionConfigurationPlatforms) = preSolution
		Debug|Any CPU = Debug|Any CPU
		Release|Any CPU = Release|Any CPU
	EndGlobalSection
	GlobalSection(ProjectConfigurationPlatforms) = postSolution
		{80F018C9-6452-48AC-A92B-8E3F06244DE6}.Debug|Any CPU.ActiveCfg = Debug|Any CPU
		{80F018C9-6452-48AC-A92B-8E3F06244DE6}.Debug|Any CPU.Build.0 = Debug|Any CPU
		{80F018C9-6452-48AC-A92B-8E3F06244DE6}.Release|Any CPU.ActiveCfg = Release|Any CPU
		{80F018C9-6452-48AC-A92B-8E3F06244DE6}.Release|Any CPU.Build.0 = Release|Any CPU
		{5CF1A2C3-1884-4779-ABD0-A8F02DAD09D4}.Debug|Any CPU.ActiveCfg = Debug|Any CPU
		{5CF1A2C3-1884-4779-ABD0-A8F02DAD09D4}.Debug|Any CPU.Build.0 = Debug|Any CPU
		{5CF1A2C3-1884-4779-ABD0-A8F02DAD09D4}.Release|Any CPU.ActiveCfg = Release|Any CPU
		{5CF1A2C3-1884-4779-ABD0-A8F02DAD09D4}.Release|Any CPU.Build.0 = Release|Any CPU
	EndGlobalSection
	GlobalSection(SolutionProperties) = preSolution
		HideSolutionNode = FALSE
	EndGlobalSection
	GlobalSection(NestedProjects) = preSolution
		{80F018C9-6452-48AC-A92B-8E3F06244DE6} = {E742C348-7136-4E2A-A573-11A80F09D02C}
	EndGlobalSection
EndGlobal
